
Microsoft Visual Studio Solution File, Format Version 12.00
# Visual Studio Version 17
VisualStudioVersion = 17.14.36915.13
MinimumVisualStudioVersion = 10.0.40219.1
Project("{FAE04EC0-301F-11D3-BF4B-00C04F79EFBC}") = "Pr7_2", "Pr7_2\Pr7_2.csproj", "{55018A46-9E74-4BCE-BD4F-BA734810ADAA}"
EndProject
Project("{FAE04EC0-301F-11D3-BF4B-00C04F79EFBC}") = "UnitTestProject2", "UnitTestProject2\UnitTestProject2.csproj", "{4C183B2A-0051-4D7D-AD38-E7EEADB080D0}"
EndProject
Global
	GlobalSection(SolutionConfigurationPlatforms) = preSolution
		Debug|Any CPU = Debug|Any CPU
		Release|Any CPU = Release|Any CPU
	EndGlobalSection
	GlobalSection(ProjectConfigurationPlatforms) = postSolution
		{55018A46-9E74-4BCE-BD4F-BA734810ADAA}.Debug|Any CPU.ActiveCfg = Debug|Any CPU
		{55018A46-9E74-4BCE-BD4F-BA734810ADAA}.Debug|Any CPU.Build.0 = Debug|Any CPU
		{55018A46-9E74-4BCE-BD4F-BA734810ADAA}.Release|Any CPU.ActiveCfg = Release|Any CPU
		{55018A46-9E74-4BCE-BD4F-BA734810ADAA}.Release|Any CPU.Build.0 = Release|Any CPU
		{4C183B2A-0051-4D7D-AD38-E7EEADB080D0}.Debug|Any CPU.ActiveCfg = Debug|Any CPU
		{4C183B2A-0051-4D7D-AD38-E7EEADB080D0}.Debug|Any CPU.Build.0 = Debug|Any CPU
		{4C183B2A-0051-4D7D-AD38-E7EEADB080D0}.Release|Any CPU.ActiveCfg = Release|Any CPU
		{4C183B2A-0051-4D7D-AD38-E7EEADB080D0}.Release|Any CPU.Build.0 = Release|Any CPU
	EndGlobalSection
	GlobalSection(SolutionProperties) = preSolution
		HideSolutionNode = FALSE
	EndGlobalSection
	GlobalSection(ExtensibilityGlobals) = postSolution
		SolutionGuid = {56D4BEAF-F80A-4082-95F4-F51F31F09225}
	EndGlobalSection
EndGlobal
